Microsoft Visual Studio Solution File, Format Version 12.00
# Visual Studio 2012
Project("{FAE04EC0-301F-11D3-BF4B-00C04F79EFBC}") = "Euclid", "Euclid.csproj", "{CA6F8449-51FD-4D77-81C6-BE64DCDFCC47}"
EndProject
Global
	GlobalSection(SolutionConfigurationPlatforms) = preSolution
	Debug|Any CPU = Debug|Any CPU
	ExportDebug|Any CPU = ExportDebug|Any CPU
	ExportRelease|Any CPU = ExportRelease|Any CPU
	EndGlobalSection
	GlobalSection(ProjectConfigurationPlatforms) = postSolution
		{CA6F8449-51FD-4D77-81C6-BE64DCDFCC47}.Debug|Any CPU.ActiveCfg = Debug|Any CPU
		{CA6F8449-51FD-4D77-81C6-BE64DCDFCC47}.Debug|Any CPU.Build.0 = Debug|Any CPU
		{CA6F8449-51FD-4D77-81C6-BE64DCDFCC47}.ExportDebug|Any CPU.ActiveCfg = ExportDebug|Any CPU
		{CA6F8449-51FD-4D77-81C6-BE64DCDFCC47}.ExportDebug|Any CPU.Build.0 = ExportDebug|Any CPU
		{CA6F8449-51FD-4D77-81C6-BE64DCDFCC47}.ExportRelease|Any CPU.ActiveCfg = ExportRelease|Any CPU
		{CA6F8449-51FD-4D77-81C6-BE64DCDFCC47}.ExportRelease|Any CPU.Build.0 = ExportRelease|Any CPU
	EndGlobalSection
EndGlobal
